
Microsoft Visual Studio Solution File, Format Version 12.00
# Visual Studio Version 16
VisualStudioVersion = 16.0.28803.156
MinimumVisualStudioVersion = 10.0.40219.1
Project("{FAE04EC0-301F-11D3-BF4B-00C04F79EFBC}") = "USSR", "USSR\USSR.csproj", "{A67D1436-80BD-46DD-9701-F9352D17736A}"
EndProject
Project("{FAE04EC0-301F-11D3-BF4B-00C04F79EFBC}") = "BLL", "BLL\BLL.csproj", "{4D3248BB-76EF-457D-9328-B77F8519E568}"
EndProject
Project("{FAE04EC0-301F-11D3-BF4B-00C04F79EFBC}") = "DAL", "DAL\DAL.csproj", "{2DA940DC-04EC-491F-816F-8DB1A740694D}"
EndProject
Global
	GlobalSection(SolutionConfigurationPlatforms) = preSolution
		Debug|Any CPU = Debug|Any CPU
		Release|Any CPU = Release|Any CPU
	EndGlobalSection
	GlobalSection(ProjectConfigurationPlatforms) = postSolution
		{A67D1436-80BD-46DD-9701-F9352D17736A}.Debug|Any CPU.ActiveCfg = Debug|Any CPU
		{A67D1436-80BD-46DD-9701-F9352D17736A}.Debug|Any CPU.Build.0 = Debug|Any CPU
		{A67D1436-80BD-46DD-9701-F9352D17736A}.Release|Any CPU.ActiveCfg = Release|Any CPU
		{A67D1436-80BD-46DD-9701-F9352D17736A}.Release|Any CPU.Build.0 = Release|Any CPU
		{4D3248BB-76EF-457D-9328-B77F8519E568}.Debug|Any CPU.ActiveCfg = Debug|Any CPU
		{4D3248BB-76EF-457D-9328-B77F8519E568}.Debug|Any CPU.Build.0 = Debug|Any CPU
		{4D3248BB-76EF-457D-9328-B77F8519E568}.Release|Any CPU.ActiveCfg = Release|Any CPU
		{4D3248BB-76EF-457D-9328-B77F8519E568}.Release|Any CPU.Build.0 = Release|Any CPU
		{2DA940DC-04EC-491F-816F-8DB1A740694D}.Debug|Any CPU.ActiveCfg = Debug|Any CPU
		{2DA940DC-04EC-491F-816F-8DB1A740694D}.Debug|Any CPU.Build.0 = Debug|Any CPU
		{2DA940DC-04EC-491F-816F-8DB1A740694D}.Release|Any CPU.ActiveCfg = Release|Any CPU
		{2DA940DC-04EC-491F-816F-8DB1A740694D}.Release|Any CPU.Build.0 = Release|Any CPU
	EndGlobalSection
	GlobalSection(SolutionProperties) = preSolution
		HideSolutionNode = FALSE
	EndGlobalSection
	GlobalSection(ExtensibilityGlobals) = postSolution
		SolutionGuid = {6FCE96D2-0E1B-4DB3-B414-3DE5ADD84D3B}
	EndGlobalSection
EndGlobal
